
Microsoft Visual Studio Solution File, Format Version 11.00
# Visual Studio 2010
Project("{FAE04EC0-301F-11D3-BF4B-00C04F79EFBC}") = "SvnMailer", "SvnMailer\SvnMailer.csproj", "{E70502C9-E8B5-45C4-AF86-BC869C4815C8}"
EndProject
Global
	GlobalSection(SolutionConfigurationPlatforms) = preSolution
		Debug|x86 = Debug|x86
		Release|x86 = Release|x86
	EndGlobalSection
	GlobalSection(ProjectConfigurationPlatforms) = postSolution
		{E70502C9-E8B5-45C4-AF86-BC869C4815C8}.Debug|x86.ActiveCfg = Debug|x86
		{E70502C9-E8B5-45C4-AF86-BC869C4815C8}.Debug|x86.Build.0 = Debug|x86
		{E70502C9-E8B5-45C4-AF86-BC869C4815C8}.Release|x86.ActiveCfg = Release|x86
		{E70502C9-E8B5-45C4-AF86-BC869C4815C8}.Release|x86.Build.0 = Release|x86
	EndGlobalSection
	GlobalSection(SolutionProperties) = preSolution
		HideSolutionNode = FALSE
	EndGlobalSection
EndGlobal
